{
  "name": "gk_osnova",
  "version": "0.0.1",
  "lockfileVersion": 1,
  "requires": true,
  "dependencies": {
    "react-native-public-ip": {
      "version": "1.0.2",
      "resolved": "https://registry.npmjs.org/react-native-public-ip/-/react-native-public-ip-1.0.2.tgz",
      "integrity": "sha512-GElvYvHLo/BCRFlXARBTq9Dwx526d1zxnyqlSfp1RQwA1yAucFbabfm6nAA3c2Nnq2OdfL4dbFGSeArM2Hdr2g=="
    }
  }
}
